
Microsoft Visual Studio Solution File, Format Version 12.00
# Visual Studio Version 17
VisualStudioVersion = 17.13.35919.96
MinimumVisualStudioVersion = 10.0.40219.1
Project("{FAE04EC0-301F-11D3-BF4B-00C04F79EFBC}") = "SpaceShooter", "Craft Batcher\SpaceShooter.csproj", "{A47094DD-097A-466F-9EB8-C273247B4859}"
EndProject
Global
	GlobalSection(SolutionConfigurationPlatforms) = preSolution
		Debug|Any CPU = Debug|Any CPU
		Release|Any CPU = Release|Any CPU
	EndGlobalSection
	GlobalSection(ProjectConfigurationPlatforms) = postSolution
		{A47094DD-097A-466F-9EB8-C273247B4859}.Debug|Any CPU.ActiveCfg = Debug|Any CPU
		{A47094DD-097A-466F-9EB8-C273247B4859}.Debug|Any CPU.Build.0 = Debug|Any CPU
		{A47094DD-097A-466F-9EB8-C273247B4859}.Release|Any CPU.ActiveCfg = Release|Any CPU
		{A47094DD-097A-466F-9EB8-C273247B4859}.Release|Any CPU.Build.0 = Release|Any CPU
	EndGlobalSection
	GlobalSection(SolutionProperties) = preSolution
		HideSolutionNode = FALSE
	EndGlobalSection
	GlobalSection(ExtensibilityGlobals) = postSolution
		SolutionGuid = {1B8C491E-3685-42E4-A61A-24BAF3D97F9C}
	EndGlobalSection
EndGlobal
